
Microsoft Visual Studio Solution File, Format Version 12.00
# Visual Studio Version 17
VisualStudioVersion = 17.13.35825.156 d17.13
MinimumVisualStudioVersion = 10.0.40219.1
Project("{FAE04EC0-301F-11D3-BF4B-00C04F79EFBC}") = "EmployeeManagement.Web", "EmployeeManagement.Web\EmployeeManagement.Web.csproj", "{2F5EFE03-D1D3-4874-9049-0A6BD5F66AEC}"
EndProject
Global
	GlobalSection(SolutionConfigurationPlatforms) = preSolution
		Debug|Any CPU = Debug|Any CPU
		Release|Any CPU = Release|Any CPU
	EndGlobalSection
	GlobalSection(ProjectConfigurationPlatforms) = postSolution
		{2F5EFE03-D1D3-4874-9049-0A6BD5F66AEC}.Debug|Any CPU.ActiveCfg = Debug|Any CPU
		{2F5EFE03-D1D3-4874-9049-0A6BD5F66AEC}.Debug|Any CPU.Build.0 = Debug|Any CPU
		{2F5EFE03-D1D3-4874-9049-0A6BD5F66AEC}.Release|Any CPU.ActiveCfg = Release|Any CPU
		{2F5EFE03-D1D3-4874-9049-0A6BD5F66AEC}.Release|Any CPU.Build.0 = Release|Any CPU
	EndGlobalSection
	GlobalSection(SolutionProperties) = preSolution
		HideSolutionNode = FALSE
	EndGlobalSection
	GlobalSection(ExtensibilityGlobals) = postSolution
		SolutionGuid = {8CD07857-4078-4CB0-8F45-3B753229AD7B}
	EndGlobalSection
EndGlobal
